version: 1
checksums:
  4f6e23070fe29513970d9fe6d81537a4:
    head/1#content: 980ae540c1c0d2c306f3b782197b966c
    head/2/0: 4695f7eb37ca67d710b5ed30218a451d
    body/0/0/0: dccbe9220658631779b610248a01ccfa
    body/0/1/0/0: 8e0c5369d8726978a91e0f36862c0f0d
    body/0/2/0#placeholder: 4008b1f253209d175716ab5b78014cd6
    body/0/2/1/0: 76a8497d7b546628b03bb81d5c1ce995
  3d87742ca89e9afdb53d20963781972e:
    header: dccbe9220658631779b610248a01ccfa
    welcome: 27054630386580f85afb5cc2d47a1711
    input_placeholder: 4008b1f253209d175716ab5b78014cd6
    send_button: 76a8497d7b546628b03bb81d5c1ce995
